
Microsoft Visual Studio Solution File, Format Version 12.00
# Visual Studio Version 17
VisualStudioVersion = 17.13.35818.85 d17.13
MinimumVisualStudioVersion = 10.0.40219.1
Project("{FAE04EC0-301F-11D3-BF4B-00C04F79EFBC}") = "DemoFunctionInProcess", "DemoFunctionInProcess.csproj", "{7737287A-E303-9223-8703-2F77D1AFC79C}"
EndProject
Global
	GlobalSection(SolutionConfigurationPlatforms) = preSolution
		Debug|Any CPU = Debug|Any CPU
		Release|Any CPU = Release|Any CPU
	EndGlobalSection
	GlobalSection(ProjectConfigurationPlatforms) = postSolution
		{7737287A-E303-9223-8703-2F77D1AFC79C}.Debug|Any CPU.ActiveCfg = Debug|Any CPU
		{7737287A-E303-9223-8703-2F77D1AFC79C}.Debug|Any CPU.Build.0 = Debug|Any CPU
		{7737287A-E303-9223-8703-2F77D1AFC79C}.Release|Any CPU.ActiveCfg = Release|Any CPU
		{7737287A-E303-9223-8703-2F77D1AFC79C}.Release|Any CPU.Build.0 = Release|Any CPU
	EndGlobalSection
	GlobalSection(SolutionProperties) = preSolution
		HideSolutionNode = FALSE
	EndGlobalSection
	GlobalSection(ExtensibilityGlobals) = postSolution
		SolutionGuid = {C211B7E9-B5D9-430F-B6DE-002143F8F643}
	EndGlobalSection
EndGlobal
